// !$*UTF8*$!
{
	archiveVersion = 1;
	classes = {
	};
	objectVersion = 50;
	objects = {

/* Begin PBXBuildFile section */
		2DB11A0CD98CB80A487D6529 /* Pods_CoeurTests.framework in Frameworks */ = {isa = PBXBuildFile; fileRef = 1ADDE4598FDA494E960B7EC7 /* Pods_CoeurTests.framework */; };
		37A58774F824522A18DAAA25 /* Pods_Coeur.framework in Frameworks */ = {isa = PBXBuildFile; fileRef = 027E12F4168837102C6DFC45 /* Pods_Coeur.framework */; };
		7402B72B2230BE6C00DB60E8 /* GoogleService-Info.plist in Resources */ = {isa = PBXBuildFile; fileRef = 7402B72A2230BE6C00DB60E8 /* GoogleService-Info.plist */; };
		7402B72F2230D1D700DB60E8 /* SignInViewController.swift in Sources */ = {isa = PBXBuildFile; fileRef = 7402B72E2230D1D700DB60E8 /* SignInViewController.swift */; };
		7402B7322230E89400DB60E8 /* Colors.swift in Sources */ = {isa = PBXBuildFile; fileRef = 7402B7312230E89400DB60E8 /* Colors.swift */; };
		7402B7A9223228C000DB60E8 /* CoeurIconiOS.png in Resources */ = {isa = PBXBuildFile; fileRef = 7402B7A8223228C000DB60E8 /* CoeurIconiOS.png */; };
		7402B7AC22322A3700DB60E8 /* GradientView.swift in Sources */ = {isa = PBXBuildFile; fileRef = 7402B7AB22322A3700DB60E8 /* GradientView.swift */; };
		7402B7AE22323CDC00DB60E8 /* CoeurIconiOS_3x.png in Resources */ = {isa = PBXBuildFile; fileRef = 7402B7AD22323CDC00DB60E8 /* CoeurIconiOS_3x.png */; };
		74DCB07B21F93AB4007E2E41 /* AppDelegate.swift in Sources */ = {isa = PBXBuildFile; fileRef = 74DCB07A21F93AB4007E2E41 /* AppDelegate.swift */; };
		74DCB08021F93AB4007E2E41 /* Main.storyboard in Resources */ = {isa = PBXBuildFile; fileRef = 74DCB07E21F93AB4007E2E41 /* Main.storyboard */; };
		74DCB08221F93AB7007E2E41 /* Assets.xcassets in Resources */ = {isa = PBXBuildFile; fileRef = 74DCB08121F93AB7007E2E41 /* Assets.xcassets */; };
		74DCB08521F93AB7007E2E41 /* LaunchScreen.storyboard in Resources */ = {isa = PBXBuildFile; fileRef = 74DCB08321F93AB7007E2E41 /* LaunchScreen.storyboard */; };
		74DCB09021F93AB7007E2E41 /* CoeurTests.swift in Sources */ = {isa = PBXBuildFile; fileRef = 74DCB08F21F93AB7007E2E41 /* CoeurTests.swift */; };
		74DCB09B21F93AB7007E2E41 /* CoeurUITests.swift in Sources */ = {isa = PBXBuildFile; fileRef = 74DCB09A21F93AB7007E2E41 /* CoeurUITests.swift */; };
		74E7A0E2222F5EB800329141 /* ProfileDetailStoryBoard.storyboard in Resources */ = {isa = PBXBuildFile; fileRef = 74E7A0E1222F5EB800329141 /* ProfileDetailStoryBoard.storyboard */; };
		74E7A0E4222F654800329141 /* MeasureViewController.storyboard in Resources */ = {isa = PBXBuildFile; fileRef = 74E7A0E3222F654800329141 /* MeasureViewController.storyboard */; };
		74E7A0E6222F6FF600329141 /* MeasurementResultViewController.storyboard in Resources */ = {isa = PBXBuildFile; fileRef = 74E7A0E5222F6FF600329141 /* MeasurementResultViewController.storyboard */; };
		74E7A0EF222F7A0900329141 /* coeur_icon.png in Resources */ = {isa = PBXBuildFile; fileRef = 74E7A0EE222F7A0900329141 /* coeur_icon.png */; };
		DC3DA667222CBD7D00678537 /* MeasurementResultViewController.swift in Sources */ = {isa = PBXBuildFile; fileRef = DC3DA666222CBD7D00678537 /* MeasurementResultViewController.swift */; };
		DC5B2924220245AB007DED78 /* ProfileDetailViewController.swift in Sources */ = {isa = PBXBuildFile; fileRef = DC5B2923220245AB007DED78 /* ProfileDetailViewController.swift */; };
		DCC8DB4521F9452C000C8E5F /* HomeViewController.swift in Sources */ = {isa = PBXBuildFile; fileRef = DCC8DB4421F9452C000C8E5F /* HomeViewController.swift */; };
		DCF6B83C2210BA82001C0C56 /* MeasureViewController.swift in Sources */ = {isa = PBXBuildFile; fileRef = DCF6B83B2210BA82001C0C56 /* MeasureViewController.swift */; };
		F5A8AD07220245B500E03A3D /* AvatarCreationViewController.swift in Sources */ = {isa = PBXBuildFile; fileRef = F5A8AD06220245B500E03A3D /* AvatarCreationViewController.swift */; };
		F5C77AF7222F4A6F00327385 /* DashboardViewController.swift in Sources */ = {isa = PBXBuildFile; fileRef = F5C77AF6222F4A6F00327385 /* DashboardViewController.swift */; };
		F710DA035E9C3B2F4FF09387 /* Pods_CoeurUITests.framework in Frameworks */ = {isa = PBXBuildFile; fileRef = 0CCCF25B8F580ADDFF2863FB /* Pods_CoeurUITests.framework */; };
/* End PBXBuildFile section */

/* Begin PBXContainerItemProxy section */
		74DCB08C21F93AB7007E2E41 /* PBXContainerItemProxy */ = {
			isa = PBXContainerItemProxy;
			containerPortal = 74DCB06F21F93AB4007E2E41 /* Project object */;
			proxyType = 1;
			remoteGlobalIDString = 74DCB07621F93AB4007E2E41;
			remoteInfo = Coeur;
		};
		74DCB09721F93AB7007E2E41 /* PBXContainerItemProxy */ = {
			isa = PBXContainerItemProxy;
			containerPortal = 74DCB06F21F93AB4007E2E41 /* Project object */;
			proxyType = 1;
			remoteGlobalIDString = 74DCB07621F93AB4007E2E41;
			remoteInfo = Coeur;
		};
/* End PBXContainerItemProxy section */

/* Begin PBXFileReference section */
		027E12F4168837102C6DFC45 /* Pods_Coeur.framework */ = {isa = PBXFileReference; explicitFileType = wrapper.framework; includeInIndex = 0; path = Pods_Coeur.framework; sourceTree = BUILT_PRODUCTS_DIR; };
		0CCCF25B8F580ADDFF2863FB /* Pods_CoeurUITests.framework */ = {isa = PBXFileReference; explicitFileType = wrapper.framework; includeInIndex = 0; path = Pods_CoeurUITests.framework; sourceTree = BUILT_PRODUCTS_DIR; };
		0F01026057EBF0304E4AEEA8 /* Pods-Coeur.debug.xcconfig */ = {isa = PBXFileReference; includeInIndex = 1; lastKnownFileType = text.xcconfig; name = "Pods-Coeur.debug.xcconfig"; path = "Target Support Files/Pods-Coeur/Pods-Coeur.debug.xcconfig"; sourceTree = "<group>"; };
		1ADDE4598FDA494E960B7EC7 /* Pods_CoeurTests.framework */ = {isa = PBXFileReference; explicitFileType = wrapper.framework; includeInIndex = 0; path = Pods_CoeurTests.framework; sourceTree = BUILT_PRODUCTS_DIR; };
		289B26CD8184469B9DBE5C73 /* Pods-CoeurTests.release.xcconfig */ = {isa = PBXFileReference; includeInIndex = 1; lastKnownFileType = text.xcconfig; name = "Pods-CoeurTests.release.xcconfig"; path = "Target Support Files/Pods-CoeurTests/Pods-CoeurTests.release.xcconfig"; sourceTree = "<group>"; };
		2E560902402B9B15D70212BE /* Pods-Coeur.release.xcconfig */ = {isa = PBXFileReference; includeInIndex = 1; lastKnownFileType = text.xcconfig; name = "Pods-Coeur.release.xcconfig"; path = "Target Support Files/Pods-Coeur/Pods-Coeur.release.xcconfig"; sourceTree = "<group>"; };
		372191542DA728FA53F5B172 /* Pods-CoeurUITests.release.xcconfig */ = {isa = PBXFileReference; includeInIndex = 1; lastKnownFileType = text.xcconfig; name = "Pods-CoeurUITests.release.xcconfig"; path = "Target Support Files/Pods-CoeurUITests/Pods-CoeurUITests.release.xcconfig"; sourceTree = "<group>"; };
		46B845B13FFD1712072FDA42 /* Pods-CoeurUITests.debug.xcconfig */ = {isa = PBXFileReference; includeInIndex = 1; lastKnownFileType = text.xcconfig; name = "Pods-CoeurUITests.debug.xcconfig"; path = "Target Support Files/Pods-CoeurUITests/Pods-CoeurUITests.debug.xcconfig"; sourceTree = "<group>"; };
		4A0B3DE6058D56FE5D7639B9 /* Pods-CoeurTests.debug.xcconfig */ = {isa = PBXFileReference; includeInIndex = 1; lastKnownFileType = text.xcconfig; name = "Pods-CoeurTests.debug.xcconfig"; path = "Target Support Files/Pods-CoeurTests/Pods-CoeurTests.debug.xcconfig"; sourceTree = "<group>"; };
		7402B72A2230BE6C00DB60E8 /* GoogleService-Info.plist */ = {isa = PBXFileReference; fileEncoding = 4; lastKnownFileType = text.plist.xml; path = "GoogleService-Info.plist"; sourceTree = "<group>"; };
		7402B72E2230D1D700DB60E8 /* SignInViewController.swift */ = {isa = PBXFileReference; lastKnownFileType = sourcecode.swift; path = SignInViewController.swift; sourceTree = "<group>"; };
		7402B7312230E89400DB60E8 /* Colors.swift */ = {isa = PBXFileReference; lastKnownFileType = sourcecode.swift; path = Colors.swift; sourceTree = "<group>"; };
		7402B73322310B1E00DB60E8 /* Coeur.entitlements */ = {isa = PBXFileReference; lastKnownFileType = text.plist.entitlements; path = Coeur.entitlements; sourceTree = "<group>"; };
		7402B7A8223228C000DB60E8 /* CoeurIconiOS.png */ = {isa = PBXFileReference; lastKnownFileType = image.png; path = CoeurIconiOS.png; sourceTree = "<group>"; };
		7402B7AB22322A3700DB60E8 /* GradientView.swift */ = {isa = PBXFileReference; lastKnownFileType = sourcecode.swift; path = GradientView.swift; sourceTree = "<group>"; };
		7402B7AD22323CDC00DB60E8 /* CoeurIconiOS_3x.png */ = {isa = PBXFileReference; lastKnownFileType = image.png; path = CoeurIconiOS_3x.png; sourceTree = "<group>"; };
		74DCB07721F93AB4007E2E41 /* Coeur.app */ = {isa = PBXFileReference; explicitFileType = wrapper.application; includeInIndex = 0; path = Coeur.app; sourceTree = BUILT_PRODUCTS_DIR; };
		74DCB07A21F93AB4007E2E41 /* AppDelegate.swift */ = {isa = PBXFileReference; lastKnownFileType = sourcecode.swift; path = AppDelegate.swift; sourceTree = "<group>"; };
		74DCB07F21F93AB4007E2E41 /* Base */ = {isa = PBXFileReference; lastKnownFileType = file.storyboard; name = Base; path = Base.lproj/Main.storyboard; sourceTree = "<group>"; };
		74DCB08121F93AB7007E2E41 /* Assets.xcassets */ = {isa = PBXFileReference; lastKnownFileType = folder.assetcatalog; path = Assets.xcassets; sourceTree = "<group>"; };
		74DCB08421F93AB7007E2E41 /* Base */ = {isa = PBXFileReference; lastKnownFileType = file.storyboard; name = Base; path = Base.lproj/LaunchScreen.storyboard; sourceTree = "<group>"; };
		74DCB08621F93AB7007E2E41 /* Info.plist */ = {isa = PBXFileReference; lastKnownFileType = text.plist.xml; path = Info.plist; sourceTree = "<group>"; };
		74DCB08B21F93AB7007E2E41 /* CoeurTests.xctest */ = {isa = PBXFileReference; explicitFileType = wrapper.cfbundle; includeInIndex = 0; path = CoeurTests.xctest; sourceTree = BUILT_PRODUCTS_DIR; };
		74DCB08F21F93AB7007E2E41 /* CoeurTests.swift */ = {isa = PBXFileReference; lastKnownFileType = sourcecode.swift; path = CoeurTests.swift; sourceTree = "<group>"; };
		74DCB09121F93AB7007E2E41 /* Info.plist */ = {isa = PBXFileReference; lastKnownFileType = text.plist.xml; path = Info.plist; sourceTree = "<group>"; };
		74DCB09621F93AB7007E2E41 /* CoeurUITests.xctest */ = {isa = PBXFileReference; explicitFileType = wrapper.cfbundle; includeInIndex = 0; path = CoeurUITests.xctest; sourceTree = BUILT_PRODUCTS_DIR; };
		74DCB09A21F93AB7007E2E41 /* CoeurUITests.swift */ = {isa = PBXFileReference; lastKnownFileType = sourcecode.swift; path = CoeurUITests.swift; sourceTree = "<group>"; };
		74DCB09C21F93AB7007E2E41 /* Info.plist */ = {isa = PBXFileReference; lastKnownFileType = text.plist.xml; path = Info.plist; sourceTree = "<group>"; };
		74E7A0E1222F5EB800329141 /* ProfileDetailStoryBoard.storyboard */ = {isa = PBXFileReference; lastKnownFileType = file.storyboard; path = ProfileDetailStoryBoard.storyboard; sourceTree = "<group>"; };
		74E7A0E3222F654800329141 /* MeasureViewController.storyboard */ = {isa = PBXFileReference; lastKnownFileType = file.storyboard; path = MeasureViewController.storyboard; sourceTree = "<group>"; };
		74E7A0E5222F6FF600329141 /* MeasurementResultViewController.storyboard */ = {isa = PBXFileReference; lastKnownFileType = file.storyboard; path = MeasurementResultViewController.storyboard; sourceTree = "<group>"; };
		74E7A0EE222F7A0900329141 /* coeur_icon.png */ = {isa = PBXFileReference; lastKnownFileType = image.png; path = coeur_icon.png; sourceTree = "<group>"; };
		DC3DA666222CBD7D00678537 /* MeasurementResultViewController.swift */ = {isa = PBXFileReference; lastKnownFileType = sourcecode.swift; path = MeasurementResultViewController.swift; sourceTree = "<group>"; };
		DC5B2923220245AB007DED78 /* ProfileDetailViewController.swift */ = {isa = PBXFileReference; lastKnownFileType = sourcecode.swift; path = ProfileDetailViewController.swift; sourceTree = "<group>"; };
		DCC8DB4421F9452C000C8E5F /* HomeViewController.swift */ = {isa = PBXFileReference; lastKnownFileType = sourcecode.swift; path = HomeViewController.swift; sourceTree = "<group>"; };
		DCF6B83B2210BA82001C0C56 /* MeasureViewController.swift */ = {isa = PBXFileReference; lastKnownFileType = sourcecode.swift; path = MeasureViewController.swift; sourceTree = "<group>"; };
		F5A8AD06220245B500E03A3D /* AvatarCreationViewController.swift */ = {isa = PBXFileReference; lastKnownFileType = sourcecode.swift; path = AvatarCreationViewController.swift; sourceTree = "<group>"; };
		F5C77AF6222F4A6F00327385 /* DashboardViewController.swift */ = {isa = PBXFileReference; lastKnownFileType = sourcecode.swift; path = DashboardViewController.swift; sourceTree = "<group>"; };
/* End PBXFileReference section */

/* Begin PBXFrameworksBuildPhase section */
		74DCB07421F93AB4007E2E41 /* Frameworks */ = {
			isa = PBXFrameworksBuildPhase;
			buildActionMask = 2147483647;
			files = (
				37A58774F824522A18DAAA25 /* Pods_Coeur.framework in Frameworks */,
			);
			runOnlyForDeploymentPostprocessing = 0;
		};
		74DCB08821F93AB7007E2E41 /* Frameworks */ = {
			isa = PBXFrameworksBuildPhase;
			buildActionMask = 2147483647;
			files = (
				2DB11A0CD98CB80A487D6529 /* Pods_CoeurTests.framework in Frameworks */,
			);
			runOnlyForDeploymentPostprocessing = 0;
		};
		74DCB09321F93AB7007E2E41 /* Frameworks */ = {
			isa = PBXFrameworksBuildPhase;
			buildActionMask = 2147483647;
			files = (
				F710DA035E9C3B2F4FF09387 /* Pods_CoeurUITests.framework in Frameworks */,
			);
			runOnlyForDeploymentPostprocessing = 0;
		};
/* End PBXFrameworksBuildPhase section */

/* Begin PBXGroup section */
		05E8BD2B8F7B9B6D00BCA8A4 /* Pods */ = {
			isa = PBXGroup;
			children = (
				0F01026057EBF0304E4AEEA8 /* Pods-Coeur.debug.xcconfig */,
				2E560902402B9B15D70212BE /* Pods-Coeur.release.xcconfig */,
				4A0B3DE6058D56FE5D7639B9 /* Pods-CoeurTests.debug.xcconfig */,
				289B26CD8184469B9DBE5C73 /* Pods-CoeurTests.release.xcconfig */,
				46B845B13FFD1712072FDA42 /* Pods-CoeurUITests.debug.xcconfig */,
				372191542DA728FA53F5B172 /* Pods-CoeurUITests.release.xcconfig */,
			);
			path = Pods;
			sourceTree = "<group>";
		};
		5188DC6A43D22EAD93114A6C /* Frameworks */ = {
			isa = PBXGroup;
			children = (
				027E12F4168837102C6DFC45 /* Pods_Coeur.framework */,
				1ADDE4598FDA494E960B7EC7 /* Pods_CoeurTests.framework */,
				0CCCF25B8F580ADDFF2863FB /* Pods_CoeurUITests.framework */,
			);
			name = Frameworks;
			sourceTree = "<group>";
		};
		7402B72C2230D1C300DB60E8 /* Sign In */ = {
			isa = PBXGroup;
			children = (
				7402B72D2230D1C800DB60E8 /* UI */,
			);
			path = "Sign In";
			sourceTree = "<group>";
		};
		7402B72D2230D1C800DB60E8 /* UI */ = {
			isa = PBXGroup;
			children = (
				7402B72E2230D1D700DB60E8 /* SignInViewController.swift */,
			);
			path = UI;
			sourceTree = "<group>";
		};
		7402B7302230E88900DB60E8 /* Colors */ = {
			isa = PBXGroup;
			children = (
				7402B7312230E89400DB60E8 /* Colors.swift */,
			);
			path = Colors;
			sourceTree = "<group>";
		};
		7402B7AA22322A2900DB60E8 /* UI */ = {
			isa = PBXGroup;
			children = (
				7402B7AB22322A3700DB60E8 /* GradientView.swift */,
			);
			path = UI;
			sourceTree = "<group>";
		};
		74DCB06E21F93AB4007E2E41 = {
			isa = PBXGroup;
			children = (
				74DCB07921F93AB4007E2E41 /* Coeur */,
				74DCB08E21F93AB7007E2E41 /* CoeurTests */,
				74DCB09921F93AB7007E2E41 /* CoeurUITests */,
				74DCB07821F93AB4007E2E41 /* Products */,
				05E8BD2B8F7B9B6D00BCA8A4 /* Pods */,
				5188DC6A43D22EAD93114A6C /* Frameworks */,
			);
			sourceTree = "<group>";
		};
		74DCB07821F93AB4007E2E41 /* Products */ = {
			isa = PBXGroup;
			children = (
				74DCB07721F93AB4007E2E41 /* Coeur.app */,
				74DCB08B21F93AB7007E2E41 /* CoeurTests.xctest */,
				74DCB09621F93AB7007E2E41 /* CoeurUITests.xctest */,
			);
			name = Products;
			sourceTree = "<group>";
		};
		74DCB07921F93AB4007E2E41 /* Coeur */ = {
			isa = PBXGroup;
			children = (
				7402B73322310B1E00DB60E8 /* Coeur.entitlements */,
				74E7A0E7222F78E900329141 /* Source */,
				74DCB08121F93AB7007E2E41 /* Assets.xcassets */,
				74DCB08621F93AB7007E2E41 /* Info.plist */,
				DCF6B83B2210BA82001C0C56 /* MeasureViewController.swift */,
				DC3DA666222CBD7D00678537 /* MeasurementResultViewController.swift */,
				74E7A0E5222F6FF600329141 /* MeasurementResultViewController.storyboard */,
				74E7A0E3222F654800329141 /* MeasureViewController.storyboard */,
				F5C77AF6222F4A6F00327385 /* DashboardViewController.swift */,
				F5A8AD06220245B500E03A3D /* AvatarCreationViewController.swift */,
				DC5B2923220245AB007DED78 /* ProfileDetailViewController.swift */,
				74E7A0E1222F5EB800329141 /* ProfileDetailStoryBoard.storyboard */,
				7402B72A2230BE6C00DB60E8 /* GoogleService-Info.plist */,
			);
			path = Coeur;
			sourceTree = "<group>";
		};
		74DCB08E21F93AB7007E2E41 /* CoeurTests */ = {
			isa = PBXGroup;
			children = (
				74DCB08F21F93AB7007E2E41 /* CoeurTests.swift */,
				74DCB09121F93AB7007E2E41 /* Info.plist */,
			);
			path = CoeurTests;
			sourceTree = "<group>";
		};
		74DCB09921F93AB7007E2E41 /* CoeurUITests */ = {
			isa = PBXGroup;
			children = (
				74DCB09A21F93AB7007E2E41 /* CoeurUITests.swift */,
				74DCB09C21F93AB7007E2E41 /* Info.plist */,
			);
			path = CoeurUITests;
			sourceTree = "<group>";
		};
		74E7A0E7222F78E900329141 /* Source */ = {
			isa = PBXGroup;
			children = (
				74E7A0EC222F790700329141 /* Common */,
				74E7A0EB222F790300329141 /* App */,
				74E7A0E8222F78EF00329141 /* Feature */,
			);
			path = Source;
			sourceTree = "<group>";
		};
		74E7A0E8222F78EF00329141 /* Feature */ = {
			isa = PBXGroup;
			children = (
				7402B72C2230D1C300DB60E8 /* Sign In */,
				74E7A0E9222F78F500329141 /* Home */,
			);
			path = Feature;
			sourceTree = "<group>";
		};
		74E7A0E9222F78F500329141 /* Home */ = {
			isa = PBXGroup;
			children = (
				74E7A0EA222F78FB00329141 /* UI */,
			);
			path = Home;
			sourceTree = "<group>";
		};
		74E7A0EA222F78FB00329141 /* UI */ = {
			isa = PBXGroup;
			children = (
				DCC8DB4421F9452C000C8E5F /* HomeViewController.swift */,
			);
			path = UI;
			sourceTree = "<group>";
		};
		74E7A0EB222F790300329141 /* App */ = {
			isa = PBXGroup;
			children = (
				74DCB07A21F93AB4007E2E41 /* AppDelegate.swift */,
			);
			path = App;
			sourceTree = "<group>";
		};
		74E7A0EC222F790700329141 /* Common */ = {
			isa = PBXGroup;
			children = (
				7402B7AA22322A2900DB60E8 /* UI */,
				7402B7302230E88900DB60E8 /* Colors */,
				74E7A0ED222F79FC00329141 /* Assets */,
				74DCB08321F93AB7007E2E41 /* LaunchScreen.storyboard */,
				74DCB07E21F93AB4007E2E41 /* Main.storyboard */,
			);
			path = Common;
			sourceTree = "<group>";
		};
		74E7A0ED222F79FC00329141 /* Assets */ = {
			isa = PBXGroup;
			children = (
				7402B7AD22323CDC00DB60E8 /* CoeurIconiOS_3x.png */,
				7402B7A8223228C000DB60E8 /* CoeurIconiOS.png */,
				74E7A0EE222F7A0900329141 /* coeur_icon.png */,
			);
			path = Assets;
			sourceTree = "<group>";
		};
/* End PBXGroup section */

/* Begin PBXNativeTarget section */
		74DCB07621F93AB4007E2E41 /* Coeur */ = {
			isa = PBXNativeTarget;
			buildConfigurationList = 74DCB09F21F93AB7007E2E41 /* Build configuration list for PBXNativeTarget "Coeur" */;
			buildPhases = (
				F420D2D34C949F0D71AA279A /* [CP] Check Pods Manifest.lock */,
				74DCB07321F93AB4007E2E41 /* Sources */,
				74DCB07421F93AB4007E2E41 /* Frameworks */,
				74DCB07521F93AB4007E2E41 /* Resources */,
				3EF5556FCFF600F52F1ED250 /* [CP] Embed Pods Frameworks */,
				86D04543446BF3E5F9D13A93 /* [CP] Copy Pods Resources */,
			);
			buildRules = (
			);
			dependencies = (
			);
			name = Coeur;
			productName = Coeur;
			productReference = 74DCB07721F93AB4007E2E41 /* Coeur.app */;
			productType = "com.apple.product-type.application";
		};
		74DCB08A21F93AB7007E2E41 /* CoeurTests */ = {
			isa = PBXNativeTarget;
			buildConfigurationList = 74DCB0A221F93AB7007E2E41 /* Build configuration list for PBXNativeTarget "CoeurTests" */;
			buildPhases = (
				DD0B71B1ADBF7B4419FE4F60 /* [CP] Check Pods Manifest.lock */,
				74DCB08721F93AB7007E2E41 /* Sources */,
				74DCB08821F93AB7007E2E41 /* Frameworks */,
				74DCB08921F93AB7007E2E41 /* Resources */,
			);
			buildRules = (
			);
			dependencies = (
				74DCB08D21F93AB7007E2E41 /* PBXTargetDependency */,
			);
			name = CoeurTests;
			productName = CoeurTests;
			productReference = 74DCB08B21F93AB7007E2E41 /* CoeurTests.xctest */;
			productType = "com.apple.product-type.bundle.unit-test";
		};
		74DCB09521F93AB7007E2E41 /* CoeurUITests */ = {
			isa = PBXNativeTarget;
			buildConfigurationList = 74DCB0A521F93AB7007E2E41 /* Build configuration list for PBXNativeTarget "CoeurUITests" */;
			buildPhases = (
				88149A9A70BE34C81BC099DA /* [CP] Check Pods Manifest.lock */,
				74DCB09221F93AB7007E2E41 /* Sources */,
				74DCB09321F93AB7007E2E41 /* Frameworks */,
				74DCB09421F93AB7007E2E41 /* Resources */,
			);
			buildRules = (
			);
			dependencies = (
				74DCB09821F93AB7007E2E41 /* PBXTargetDependency */,
			);
			name = CoeurUITests;
			productName = CoeurUITests;
			productReference = 74DCB09621F93AB7007E2E41 /* CoeurUITests.xctest */;
			productType = "com.apple.product-type.bundle.ui-testing";
		};
/* End PBXNativeTarget section */

/* Begin PBXProject section */
		74DCB06F21F93AB4007E2E41 /* Project object */ = {
			isa = PBXProject;
			attributes = {
				LastSwiftUpdateCheck = 1010;
				LastUpgradeCheck = 1010;
				ORGANIZATIONNAME = Coeur;
				TargetAttributes = {
					74DCB07621F93AB4007E2E41 = {
						CreatedOnToolsVersion = 10.1;
						SystemCapabilities = {
							com.apple.Keychain = {
								enabled = 1;
							};
						};
					};
					74DCB08A21F93AB7007E2E41 = {
						CreatedOnToolsVersion = 10.1;
						TestTargetID = 74DCB07621F93AB4007E2E41;
					};
					74DCB09521F93AB7007E2E41 = {
						CreatedOnToolsVersion = 10.1;
						TestTargetID = 74DCB07621F93AB4007E2E41;
					};
				};
			};
			buildConfigurationList = 74DCB07221F93AB4007E2E41 /* Build configuration list for PBXProject "Coeur" */;
			compatibilityVersion = "Xcode 9.3";
			developmentRegion = en;
			hasScannedForEncodings = 0;
			knownRegions = (
				en,
				Base,
			);
			mainGroup = 74DCB06E21F93AB4007E2E41;
			productRefGroup = 74DCB07821F93AB4007E2E41 /* Products */;
			projectDirPath = "";
			projectRoot = "";
			targets = (
				74DCB07621F93AB4007E2E41 /* Coeur */,
				74DCB08A21F93AB7007E2E41 /* CoeurTests */,
				74DCB09521F93AB7007E2E41 /* CoeurUITests */,
			);
		};
/* End PBXProject section */

/* Begin PBXResourcesBuildPhase section */
		74DCB07521F93AB4007E2E41 /* Resources */ = {
			isa = PBXResourcesBuildPhase;
			buildActionMask = 2147483647;
			files = (
				74E7A0E4222F654800329141 /* MeasureViewController.storyboard in Resources */,
				7402B72B2230BE6C00DB60E8 /* GoogleService-Info.plist in Resources */,
				74DCB08521F93AB7007E2E41 /* LaunchScreen.storyboard in Resources */,
				74E7A0E6222F6FF600329141 /* MeasurementResultViewController.storyboard in Resources */,
				7402B7AE22323CDC00DB60E8 /* CoeurIconiOS_3x.png in Resources */,
				74DCB08221F93AB7007E2E41 /* Assets.xcassets in Resources */,
				74E7A0EF222F7A0900329141 /* coeur_icon.png in Resources */,
				74E7A0E2222F5EB800329141 /* ProfileDetailStoryBoard.storyboard in Resources */,
				74DCB08021F93AB4007E2E41 /* Main.storyboard in Resources */,
				7402B7A9223228C000DB60E8 /* CoeurIconiOS.png in Resources */,
			);
			runOnlyForDeploymentPostprocessing = 0;
		};
		74DCB08921F93AB7007E2E41 /* Resources */ = {
			isa = PBXResourcesBuildPhase;
			buildActionMask = 2147483647;
			files = (
			);
			runOnlyForDeploymentPostprocessing = 0;
		};
		74DCB09421F93AB7007E2E41 /* Resources */ = {
			isa = PBXResourcesBuildPhase;
			buildActionMask = 2147483647;
			files = (
			);
			runOnlyForDeploymentPostprocessing = 0;
		};
/* End PBXResourcesBuildPhase section */

/* Begin PBXShellScriptBuildPhase section */
		3EF5556FCFF600F52F1ED250 /* [CP] Embed Pods Frameworks */ = {
			isa = PBXShellScriptBuildPhase;
			buildActionMask = 2147483647;
			files = (
			);
			inputFileListPaths = (
			);
			inputPaths = (
				"${PODS_ROOT}/Target Support Files/Pods-Coeur/Pods-Coeur-frameworks.sh",
				"${BUILT_PRODUCTS_DIR}/Bolts/Bolts.framework",
				"${BUILT_PRODUCTS_DIR}/BoringSSL-GRPC/openssl_grpc.framework",
				"${BUILT_PRODUCTS_DIR}/FBSDKCoreKit/FBSDKCoreKit.framework",
				"${BUILT_PRODUCTS_DIR}/FBSDKLoginKit/FBSDKLoginKit.framework",
				"${BUILT_PRODUCTS_DIR}/GTMSessionFetcher/GTMSessionFetcher.framework",
				"${BUILT_PRODUCTS_DIR}/GoogleToolboxForMac/GoogleToolboxForMac.framework",
				"${BUILT_PRODUCTS_DIR}/GoogleUtilities/GoogleUtilities.framework",
				"${BUILT_PRODUCTS_DIR}/Protobuf/Protobuf.framework",
				"${BUILT_PRODUCTS_DIR}/SDWebImage/SDWebImage.framework",
				"${PODS_ROOT}/TwitterCore/iOS/TwitterCore.framework",
				"${PODS_ROOT}/TwitterKit/iOS/TwitterKit.framework",
				"${BUILT_PRODUCTS_DIR}/gRPC-C++/grpcpp.framework",
				"${BUILT_PRODUCTS_DIR}/gRPC-Core/grpc.framework",
				"${BUILT_PRODUCTS_DIR}/leveldb-library/leveldb.framework",
				"${BUILT_PRODUCTS_DIR}/nanopb/nanopb.framework",
			);
			name = "[CP] Embed Pods Frameworks";
			outputFileListPaths = (
			);
			outputPaths = (
				"${TARGET_BUILD_DIR}/${FRAMEWORKS_FOLDER_PATH}/Bolts.framework",
				"${TARGET_BUILD_DIR}/${FRAMEWORKS_FOLDER_PATH}/openssl_grpc.framework",
				"${TARGET_BUILD_DIR}/${FRAMEWORKS_FOLDER_PATH}/FBSDKCoreKit.framework",
				"${TARGET_BUILD_DIR}/${FRAMEWORKS_FOLDER_PATH}/FBSDKLoginKit.framework",
				"${TARGET_BUILD_DIR}/${FRAMEWORKS_FOLDER_PATH}/GTMSessionFetcher.framework",
				"${TARGET_BUILD_DIR}/${FRAMEWORKS_FOLDER_PATH}/GoogleToolboxForMac.framework",
				"${TARGET_BUILD_DIR}/${FRAMEWORKS_FOLDER_PATH}/GoogleUtilities.framework",
				"${TARGET_BUILD_DIR}/${FRAMEWORKS_FOLDER_PATH}/Protobuf.framework",
				"${TARGET_BUILD_DIR}/${FRAMEWORKS_FOLDER_PATH}/SDWebImage.framework",
				"${TARGET_BUILD_DIR}/${FRAMEWORKS_FOLDER_PATH}/TwitterCore.framework",
				"${TARGET_BUILD_DIR}/${FRAMEWORKS_FOLDER_PATH}/TwitterKit.framework",
				"${TARGET_BUILD_DIR}/${FRAMEWORKS_FOLDER_PATH}/grpcpp.framework",
				"${TARGET_BUILD_DIR}/${FRAMEWORKS_FOLDER_PATH}/grpc.framework",
				"${TARGET_BUILD_DIR}/${FRAMEWORKS_FOLDER_PATH}/leveldb.framework",
				"${TARGET_BUILD_DIR}/${FRAMEWORKS_FOLDER_PATH}/nanopb.framework",
			);
			runOnlyForDeploymentPostprocessing = 0;
			shellPath = /bin/sh;
			shellScript = "\"${PODS_ROOT}/Target Support Files/Pods-Coeur/Pods-Coeur-frameworks.sh\"\n";
			showEnvVarsInLog = 0;
		};
		86D04543446BF3E5F9D13A93 /* [CP] Copy Pods Resources */ = {
			isa = PBXShellScriptBuildPhase;
			buildActionMask = 2147483647;
			files = (
			);
			inputFileListPaths = (
			);
			inputPaths = (
				"${PODS_ROOT}/Target Support Files/Pods-Coeur/Pods-Coeur-resources.sh",
				"${PODS_CONFIGURATION_BUILD_DIR}/FirebaseUI/FirebaseAnonymousAuthUI.bundle",
				"${PODS_CONFIGURATION_BUILD_DIR}/FirebaseUI/FirebaseAuthUI.bundle",
				"${PODS_CONFIGURATION_BUILD_DIR}/FirebaseUI/FirebaseEmailAuthUI.bundle",
				"${PODS_CONFIGURATION_BUILD_DIR}/FirebaseUI/FirebaseFacebookAuthUI.bundle",
				"${PODS_CONFIGURATION_BUILD_DIR}/FirebaseUI/FirebaseGoogleAuthUI.bundle",
				"${PODS_CONFIGURATION_BUILD_DIR}/FirebaseUI/FirebasePhoneAuthUI.bundle",
				"${PODS_CONFIGURATION_BUILD_DIR}/FirebaseUI/FirebaseTwitterAuthUI.bundle",
				"${PODS_ROOT}/GoogleSignIn/Resources/GoogleSignIn.bundle",
				"${PODS_ROOT}/TwitterKit/iOS/TwitterKit.framework/TwitterKitResources.bundle",
			);
			name = "[CP] Copy Pods Resources";
			outputFileListPaths = (
			);
			outputPaths = (
				"${TARGET_BUILD_DIR}/${UNLOCALIZED_RESOURCES_FOLDER_PATH}/FirebaseAnonymousAuthUI.bundle",
				"${TARGET_BUILD_DIR}/${UNLOCALIZED_RESOURCES_FOLDER_PATH}/FirebaseAuthUI.bundle",
				"${TARGET_BUILD_DIR}/${UNLOCALIZED_RESOURCES_FOLDER_PATH}/FirebaseEmailAuthUI.bundle",
				"${TARGET_BUILD_DIR}/${UNLOCALIZED_RESOURCES_FOLDER_PATH}/FirebaseFacebookAuthUI.bundle",
				"${TARGET_BUILD_DIR}/${UNLOCALIZED_RESOURCES_FOLDER_PATH}/FirebaseGoogleAuthUI.bundle",
				"${TARGET_BUILD_DIR}/${UNLOCALIZED_RESOURCES_FOLDER_PATH}/FirebasePhoneAuthUI.bundle",
				"${TARGET_BUILD_DIR}/${UNLOCALIZED_RESOURCES_FOLDER_PATH}/FirebaseTwitterAuthUI.bundle",
				"${TARGET_BUILD_DIR}/${UNLOCALIZED_RESOURCES_FOLDER_PATH}/GoogleSignIn.bundle",
				"${TARGET_BUILD_DIR}/${UNLOCALIZED_RESOURCES_FOLDER_PATH}/TwitterKitResources.bundle",
			);
			runOnlyForDeploymentPostprocessing = 0;
			shellPath = /bin/sh;
			shellScript = "\"${PODS_ROOT}/Target Support Files/Pods-Coeur/Pods-Coeur-resources.sh\"\n";
			showEnvVarsInLog = 0;
		};
		88149A9A70BE34C81BC099DA /* [CP] Check Pods Manifest.lock */ = {
			isa = PBXShellScriptBuildPhase;
			buildActionMask = 2147483647;
			files = (
			);
			inputFileListPaths = (
			);
			inputPaths = (
				"${PODS_PODFILE_DIR_PATH}/Podfile.lock",
				"${PODS_ROOT}/Manifest.lock",
			);
			name = "[CP] Check Pods Manifest.lock";
			outputFileListPaths = (
			);
			outputPaths = (
				"$(DERIVED_FILE_DIR)/Pods-CoeurUITests-checkManifestLockResult.txt",
			);
			runOnlyForDeploymentPostprocessing = 0;
			shellPath = /bin/sh;
			shellScript = "diff \"${PODS_PODFILE_DIR_PATH}/Podfile.lock\" \"${PODS_ROOT}/Manifest.lock\" > /dev/null\nif [ $? != 0 ] ; then\n    # print error to STDERR\n    echo \"error: The sandbox is not in sync with the Podfile.lock. Run 'pod install' or update your CocoaPods installation.\" >&2\n    exit 1\nfi\n# This output is used by Xcode 'outputs' to avoid re-running this script phase.\necho \"SUCCESS\" > \"${SCRIPT_OUTPUT_FILE_0}\"\n";
			showEnvVarsInLog = 0;
		};
		DD0B71B1ADBF7B4419FE4F60 /* [CP] Check Pods Manifest.lock */ = {
			isa = PBXShellScriptBuildPhase;
			buildActionMask = 2147483647;
			files = (
			);
			inputFileListPaths = (
			);
			inputPaths = (
				"${PODS_PODFILE_DIR_PATH}/Podfile.lock",
				"${PODS_ROOT}/Manifest.lock",
			);
			name = "[CP] Check Pods Manifest.lock";
			outputFileListPaths = (
			);
			outputPaths = (
				"$(DERIVED_FILE_DIR)/Pods-CoeurTests-checkManifestLockResult.txt",
			);
			runOnlyForDeploymentPostprocessing = 0;
			shellPath = /bin/sh;
			shellScript = "diff \"${PODS_PODFILE_DIR_PATH}/Podfile.lock\" \"${PODS_ROOT}/Manifest.lock\" > /dev/null\nif [ $? != 0 ] ; then\n    # print error to STDERR\n    echo \"error: The sandbox is not in sync with the Podfile.lock. Run 'pod install' or update your CocoaPods installation.\" >&2\n    exit 1\nfi\n# This output is used by Xcode 'outputs' to avoid re-running this script phase.\necho \"SUCCESS\" > \"${SCRIPT_OUTPUT_FILE_0}\"\n";
			showEnvVarsInLog = 0;
		};
		F420D2D34C949F0D71AA279A /* [CP] Check Pods Manifest.lock */ = {
			isa = PBXShellScriptBuildPhase;
			buildActionMask = 2147483647;
			files = (
			);
			inputFileListPaths = (
			);
			inputPaths = (
				"${PODS_PODFILE_DIR_PATH}/Podfile.lock",
				"${PODS_ROOT}/Manifest.lock",
			);
			name = "[CP] Check Pods Manifest.lock";
			outputFileListPaths = (
			);
			outputPaths = (
				"$(DERIVED_FILE_DIR)/Pods-Coeur-checkManifestLockResult.txt",
			);
			runOnlyForDeploymentPostprocessing = 0;
			shellPath = /bin/sh;
			shellScript = "diff \"${PODS_PODFILE_DIR_PATH}/Podfile.lock\" \"${PODS_ROOT}/Manifest.lock\" > /dev/null\nif [ $? != 0 ] ; then\n    # print error to STDERR\n    echo \"error: The sandbox is not in sync with the Podfile.lock. Run 'pod install' or update your CocoaPods installation.\" >&2\n    exit 1\nfi\n# This output is used by Xcode 'outputs' to avoid re-running this script phase.\necho \"SUCCESS\" > \"${SCRIPT_OUTPUT_FILE_0}\"\n";
			showEnvVarsInLog = 0;
		};
/* End PBXShellScriptBuildPhase section */

/* Begin PBXSourcesBuildPhase section */
		74DCB07321F93AB4007E2E41 /* Sources */ = {
			isa = PBXSourcesBuildPhase;
			buildActionMask = 2147483647;
			files = (
				F5A8AD07220245B500E03A3D /* AvatarCreationViewController.swift in Sources */,
				7402B7322230E89400DB60E8 /* Colors.swift in Sources */,
				7402B7AC22322A3700DB60E8 /* GradientView.swift in Sources */,
				DC5B2924220245AB007DED78 /* ProfileDetailViewController.swift in Sources */,
				74DCB07B21F93AB4007E2E41 /* AppDelegate.swift in Sources */,
				DCF6B83C2210BA82001C0C56 /* MeasureViewController.swift in Sources */,
				7402B72F2230D1D700DB60E8 /* SignInViewController.swift in Sources */,
				DC3DA667222CBD7D00678537 /* MeasurementResultViewController.swift in Sources */,
				DCC8DB4521F9452C000C8E5F /* HomeViewController.swift in Sources */,
				F5C77AF7222F4A6F00327385 /* DashboardViewController.swift in Sources */,
			);
			runOnlyForDeploymentPostprocessing = 0;
		};
		74DCB08721F93AB7007E2E41 /* Sources */ = {
			isa = PBXSourcesBuildPhase;
			buildActionMask = 2147483647;
			files = (
				74DCB09021F93AB7007E2E41 /* CoeurTests.swift in Sources */,
			);
			runOnlyForDeploymentPostprocessing = 0;
		};
		74DCB09221F93AB7007E2E41 /* Sources */ = {
			isa = PBXSourcesBuildPhase;
			buildActionMask = 2147483647;
			files = (
				74DCB09B21F93AB7007E2E41 /* CoeurUITests.swift in Sources */,
			);
			runOnlyForDeploymentPostprocessing = 0;
		};
/* End PBXSourcesBuildPhase section */

/* Begin PBXTargetDependency section */
		74DCB08D21F93AB7007E2E41 /* PBXTargetDependency */ = {
			isa = PBXTargetDependency;
			target = 74DCB07621F93AB4007E2E41 /* Coeur */;
			targetProxy = 74DCB08C21F93AB7007E2E41 /* PBXContainerItemProxy */;
		};
		74DCB09821F93AB7007E2E41 /* PBXTargetDependency */ = {
			isa = PBXTargetDependency;
			target = 74DCB07621F93AB4007E2E41 /* Coeur */;
			targetProxy = 74DCB09721F93AB7007E2E41 /* PBXContainerItemProxy */;
		};
/* End PBXTargetDependency section */

/* Begin PBXVariantGroup section */
		74DCB07E21F93AB4007E2E41 /* Main.storyboard */ = {
			isa = PBXVariantGroup;
			children = (
				74DCB07F21F93AB4007E2E41 /* Base */,
			);
			name = Main.storyboard;
			sourceTree = "<group>";
		};
		74DCB08321F93AB7007E2E41 /* LaunchScreen.storyboard */ = {
			isa = PBXVariantGroup;
			children = (
				74DCB08421F93AB7007E2E41 /* Base */,
			);
			name = LaunchScreen.storyboard;
			sourceTree = "<group>";
		};
/* End PBXVariantGroup section */

/* Begin XCBuildConfiguration section */
		74DCB09D21F93AB7007E2E41 /* Debug */ = {
			isa = XCBuildConfiguration;
			buildSettings = {
				ALWAYS_SEARCH_USER_PATHS = NO;
				CLANG_ANALYZER_NONNULL = YES;
				CLANG_ANALYZER_NUMBER_OBJECT_CONVERSION = YES_AGGRESSIVE;
				CLANG_CXX_LANGUAGE_STANDARD = "gnu++14";
				CLANG_CXX_LIBRARY = "libc++";
				CLANG_ENABLE_MODULES = YES;
				CLANG_ENABLE_OBJC_ARC = YES;
				CLANG_ENABLE_OBJC_WEAK = YES;
				CLANG_WARN_BLOCK_CAPTURE_AUTORELEASING = YES;
				CLANG_WARN_BOOL_CONVERSION = YES;
				CLANG_WARN_COMMA = YES;
				CLANG_WARN_CONSTANT_CONVERSION = YES;
				CLANG_WARN_DEPRECATED_OBJC_IMPLEMENTATIONS = YES;
				CLANG_WARN_DIRECT_OBJC_ISA_USAGE = YES_ERROR;
				CLANG_WARN_DOCUMENTATION_COMMENTS = YES;
				CLANG_WARN_EMPTY_BODY = YES;
				CLANG_WARN_ENUM_CONVERSION = YES;
				CLANG_WARN_INFINITE_RECURSION = YES;
				CLANG_WARN_INT_CONVERSION = YES;
				CLANG_WARN_NON_LITERAL_NULL_CONVERSION = YES;
				CLANG_WARN_OBJC_IMPLICIT_RETAIN_SELF = YES;
				CLANG_WARN_OBJC_LITERAL_CONVERSION = YES;
				CLANG_WARN_OBJC_ROOT_CLASS = YES_ERROR;
				CLANG_WARN_RANGE_LOOP_ANALYSIS = YES;
				CLANG_WARN_STRICT_PROTOTYPES = YES;
				CLANG_WARN_SUSPICIOUS_MOVE = YES;
				CLANG_WARN_UNGUARDED_AVAILABILITY = YES_AGGRESSIVE;
				CLANG_WARN_UNREACHABLE_CODE = YES;
				CLANG_WARN__DUPLICATE_METHOD_MATCH = YES;
				CODE_SIGN_IDENTITY = "iPhone Developer";
				COPY_PHASE_STRIP = NO;
				DEBUG_INFORMATION_FORMAT = dwarf;
				ENABLE_STRICT_OBJC_MSGSEND = YES;
				ENABLE_TESTABILITY = YES;
				GCC_C_LANGUAGE_STANDARD = gnu11;
				GCC_DYNAMIC_NO_PIC = NO;
				GCC_NO_COMMON_BLOCKS = YES;
				GCC_OPTIMIZATION_LEVEL = 0;
				GCC_PREPROCESSOR_DEFINITIONS = (
					"DEBUG=1",
					"$(inherited)",
				);
				GCC_WARN_64_TO_32_BIT_CONVERSION = YES;
				GCC_WARN_ABOUT_RETURN_TYPE = YES_ERROR;
				GCC_WARN_UNDECLARED_SELECTOR = YES;
				GCC_WARN_UNINITIALIZED_AUTOS = YES_AGGRESSIVE;
				GCC_WARN_UNUSED_FUNCTION = YES;
				GCC_WARN_UNUSED_VARIABLE = YES;
				IPHONEOS_DEPLOYMENT_TARGET = 12.1;
				MTL_ENABLE_DEBUG_INFO = INCLUDE_SOURCE;
				MTL_FAST_MATH = YES;
				ONLY_ACTIVE_ARCH = YES;
				SDKROOT = iphoneos;
				SWIFT_ACTIVE_COMPILATION_CONDITIONS = DEBUG;
				SWIFT_OPTIMIZATION_LEVEL = "-Onone";
			};
			name = Debug;
		};
		74DCB09E21F93AB7007E2E41 /* Release */ = {
			isa = XCBuildConfiguration;
			buildSettings = {
				ALWAYS_SEARCH_USER_PATHS = NO;
				CLANG_ANALYZER_NONNULL = YES;
				CLANG_ANALYZER_NUMBER_OBJECT_CONVERSION = YES_AGGRESSIVE;
				CLANG_CXX_LANGUAGE_STANDARD = "gnu++14";
				CLANG_CXX_LIBRARY = "libc++";
				CLANG_ENABLE_MODULES = YES;
				CLANG_ENABLE_OBJC_ARC = YES;
				CLANG_ENABLE_OBJC_WEAK = YES;
				CLANG_WARN_BLOCK_CAPTURE_AUTORELEASING = YES;
				CLANG_WARN_BOOL_CONVERSION = YES;
				CLANG_WARN_COMMA = YES;
				CLANG_WARN_CONSTANT_CONVERSION = YES;
				CLANG_WARN_DEPRECATED_OBJC_IMPLEMENTATIONS = YES;
				CLANG_WARN_DIRECT_OBJC_ISA_USAGE = YES_ERROR;
				CLANG_WARN_DOCUMENTATION_COMMENTS = YES;
				CLANG_WARN_EMPTY_BODY = YES;
				CLANG_WARN_ENUM_CONVERSION = YES;
				CLANG_WARN_INFINITE_RECURSION = YES;
				CLANG_WARN_INT_CONVERSION = YES;
				CLANG_WARN_NON_LITERAL_NULL_CONVERSION = YES;
				CLANG_WARN_OBJC_IMPLICIT_RETAIN_SELF = YES;
				CLANG_WARN_OBJC_LITERAL_CONVERSION = YES;
				CLANG_WARN_OBJC_ROOT_CLASS = YES_ERROR;
				CLANG_WARN_RANGE_LOOP_ANALYSIS = YES;
				CLANG_WARN_STRICT_PROTOTYPES = YES;
				CLANG_WARN_SUSPICIOUS_MOVE = YES;
				CLANG_WARN_UNGUARDED_AVAILABILITY = YES_AGGRESSIVE;
				CLANG_WARN_UNREACHABLE_CODE = YES;
				CLANG_WARN__DUPLICATE_METHOD_MATCH = YES;
				CODE_SIGN_IDENTITY = "iPhone Developer";
				COPY_PHASE_STRIP = NO;
				DEBUG_INFORMATION_FORMAT = "dwarf-with-dsym";
				ENABLE_NS_ASSERTIONS = NO;
				ENABLE_STRICT_OBJC_MSGSEND = YES;
				GCC_C_LANGUAGE_STANDARD = gnu11;
				GCC_NO_COMMON_BLOCKS = YES;
				GCC_WARN_64_TO_32_BIT_CONVERSION = YES;
				GCC_WARN_ABOUT_RETURN_TYPE = YES_ERROR;
				GCC_WARN_UNDECLARED_SELECTOR = YES;
				GCC_WARN_UNINITIALIZED_AUTOS = YES_AGGRESSIVE;
				GCC_WARN_UNUSED_FUNCTION = YES;
				GCC_WARN_UNUSED_VARIABLE = YES;
				IPHONEOS_DEPLOYMENT_TARGET = 12.1;
				MTL_ENABLE_DEBUG_INFO = NO;
				MTL_FAST_MATH = YES;
				SDKROOT = iphoneos;
				SWIFT_COMPILATION_MODE = wholemodule;
				SWIFT_OPTIMIZATION_LEVEL = "-O";
				VALIDATE_PRODUCT = YES;
			};
			name = Release;
		};
		74DCB0A021F93AB7007E2E41 /* Debug */ = {
			isa = XCBuildConfiguration;
			baseConfigurationReference = 0F01026057EBF0304E4AEEA8 /* Pods-Coeur.debug.xcconfig */;
			buildSettings = {
				ASSETCATALOG_COMPILER_APPICON_NAME = AppIcon;
				CODE_SIGN_ENTITLEMENTS = Coeur/Coeur.entitlements;
				CODE_SIGN_STYLE = Automatic;
				DEVELOPMENT_TEAM = T4X7R2GSNH;
				INFOPLIST_FILE = Coeur/Info.plist;
				IPHONEOS_DEPLOYMENT_TARGET = 11.0;
				LD_RUNPATH_SEARCH_PATHS = (
					"$(inherited)",
					"@executable_path/Frameworks",
				);
				PRODUCT_BUNDLE_IDENTIFIER = com.FYDP.Coeur;
				PRODUCT_NAME = "$(TARGET_NAME)";
				SWIFT_VERSION = 4.2;
				TARGETED_DEVICE_FAMILY = "1,2";
			};
			name = Debug;
		};
		74DCB0A121F93AB7007E2E41 /* Release */ = {
			isa = XCBuildConfiguration;
			baseConfigurationReference = 2E560902402B9B15D70212BE /* Pods-Coeur.release.xcconfig */;
			buildSettings = {
				ASSETCATALOG_COMPILER_APPICON_NAME = AppIcon;
				CODE_SIGN_ENTITLEMENTS = Coeur/Coeur.entitlements;
				CODE_SIGN_STYLE = Automatic;
				DEVELOPMENT_TEAM = T4X7R2GSNH;
				INFOPLIST_FILE = Coeur/Info.plist;
				IPHONEOS_DEPLOYMENT_TARGET = 11.0;
				LD_RUNPATH_SEARCH_PATHS = (
					"$(inherited)",
					"@executable_path/Frameworks",
				);
				PRODUCT_BUNDLE_IDENTIFIER = com.FYDP.Coeur;
				PRODUCT_NAME = "$(TARGET_NAME)";
				SWIFT_VERSION = 4.2;
				TARGETED_DEVICE_FAMILY = "1,2";
			};
			name = Release;
		};
		74DCB0A321F93AB7007E2E41 /* Debug */ = {
			isa = XCBuildConfiguration;
			baseConfigurationReference = 4A0B3DE6058D56FE5D7639B9 /* Pods-CoeurTests.debug.xcconfig */;
			buildSettings = {
				ALWAYS_EMBED_SWIFT_STANDARD_LIBRARIES = YES;
				BUNDLE_LOADER = "$(TEST_HOST)";
				CODE_SIGN_STYLE = Automatic;
				INFOPLIST_FILE = CoeurTests/Info.plist;
				LD_RUNPATH_SEARCH_PATHS = (
					"$(inherited)",
					"@executable_path/Frameworks",
					"@loader_path/Frameworks",
				);
				PRODUCT_BUNDLE_IDENTIFIER = FYDP.CoeurTests;
				PRODUCT_NAME = "$(TARGET_NAME)";
				SWIFT_VERSION = 4.2;
				TARGETED_DEVICE_FAMILY = "1,2";
				TEST_HOST = "$(BUILT_PRODUCTS_DIR)/Coeur.app/Coeur";
			};
			name = Debug;
		};
		74DCB0A421F93AB7007E2E41 /* Release */ = {
			isa = XCBuildConfiguration;
			baseConfigurationReference = 289B26CD8184469B9DBE5C73 /* Pods-CoeurTests.release.xcconfig */;
			buildSettings = {
				ALWAYS_EMBED_SWIFT_STANDARD_LIBRARIES = YES;
				BUNDLE_LOADER = "$(TEST_HOST)";
				CODE_SIGN_STYLE = Automatic;
				INFOPLIST_FILE = CoeurTests/Info.plist;
				LD_RUNPATH_SEARCH_PATHS = (
					"$(inherited)",
					"@executable_path/Frameworks",
					"@loader_path/Frameworks",
				);
				PRODUCT_BUNDLE_IDENTIFIER = FYDP.CoeurTests;
				PRODUCT_NAME = "$(TARGET_NAME)";
				SWIFT_VERSION = 4.2;
				TARGETED_DEVICE_FAMILY = "1,2";
				TEST_HOST = "$(BUILT_PRODUCTS_DIR)/Coeur.app/Coeur";
			};
			name = Release;
		};
		74DCB0A621F93AB7007E2E41 /* Debug */ = {
			isa = XCBuildConfiguration;
			baseConfigurationReference = 46B845B13FFD1712072FDA42 /* Pods-CoeurUITests.debug.xcconfig */;
			buildSettings = {
				ALWAYS_EMBED_SWIFT_STANDARD_LIBRARIES = YES;
				CODE_SIGN_STYLE = Automatic;
				INFOPLIST_FILE = CoeurUITests/Info.plist;
				LD_RUNPATH_SEARCH_PATHS = (
					"$(inherited)",
					"@executable_path/Frameworks",
					"@loader_path/Frameworks",
				);
				PRODUCT_BUNDLE_IDENTIFIER = FYDP.CoeurUITests;
				PRODUCT_NAME = "$(TARGET_NAME)";
				SWIFT_VERSION = 4.2;
				TARGETED_DEVICE_FAMILY = "1,2";
				TEST_TARGET_NAME = Coeur;
			};
			name = Debug;
		};
		74DCB0A721F93AB7007E2E41 /* Release */ = {
			isa = XCBuildConfiguration;
			baseConfigurationReference = 372191542DA728FA53F5B172 /* Pods-CoeurUITests.release.xcconfig */;
			buildSettings = {
				ALWAYS_EMBED_SWIFT_STANDARD_LIBRARIES = YES;
				CODE_SIGN_STYLE = Automatic;
				INFOPLIST_FILE = CoeurUITests/Info.plist;
				LD_RUNPATH_SEARCH_PATHS = (
					"$(inherited)",
					"@executable_path/Frameworks",
					"@loader_path/Frameworks",
				);
				PRODUCT_BUNDLE_IDENTIFIER = FYDP.CoeurUITests;
				PRODUCT_NAME = "$(TARGET_NAME)";
				SWIFT_VERSION = 4.2;
				TARGETED_DEVICE_FAMILY = "1,2";
				TEST_TARGET_NAME = Coeur;
			};
			name = Release;
		};
/* End XCBuildConfiguration section */

/* Begin XCConfigurationList section */
		74DCB07221F93AB4007E2E41 /* Build configuration list for PBXProject "Coeur" */ = {
			isa = XCConfigurationList;
			buildConfigurations = (
				74DCB09D21F93AB7007E2E41 /* Debug */,
				74DCB09E21F93AB7007E2E41 /* Release */,
			);
			defaultConfigurationIsVisible = 0;
			defaultConfigurationName = Release;
		};
		74DCB09F21F93AB7007E2E41 /* Build configuration list for PBXNativeTarget "Coeur" */ = {
			isa = XCConfigurationList;
			buildConfigurations = (
				74DCB0A021F93AB7007E2E41 /* Debug */,
				74DCB0A121F93AB7007E2E41 /* Release */,
			);
			defaultConfigurationIsVisible = 0;
			defaultConfigurationName = Release;
		};
		74DCB0A221F93AB7007E2E41 /* Build configuration list for PBXNativeTarget "CoeurTests" */ = {
			isa = XCConfigurationList;
			buildConfigurations = (
				74DCB0A321F93AB7007E2E41 /* Debug */,
				74DCB0A421F93AB7007E2E41 /* Release */,
			);
			defaultConfigurationIsVisible = 0;
			defaultConfigurationName = Release;
		};
		74DCB0A521F93AB7007E2E41 /* Build configuration list for PBXNativeTarget "CoeurUITests" */ = {
			isa = XCConfigurationList;
			buildConfigurations = (
				74DCB0A621F93AB7007E2E41 /* Debug */,
				74DCB0A721F93AB7007E2E41 /* Release */,
			);
			defaultConfigurationIsVisible = 0;
			defaultConfigurationName = Release;
		};
/* End XCConfigurationList section */
	};
	rootObject = 74DCB06F21F93AB4007E2E41 /* Project object */;
}
